---
lockVersion: 1.0.0
dependencies:
  codeql/controlflow:
    version: 2.0.22
  codeql/dataflow:
    version: 2.0.22
  codeql/java-all:
    version: 7.8.2
  codeql/mad:
    version: 1.0.38
  codeql/quantum:
    version: 0.0.16
  codeql/rangeanalysis:
    version: 1.0.38
  codeql/regex:
    version: 1.0.38
  codeql/ssa:
    version: 2.0.14
  codeql/threat-models:
    version: 1.0.38
  codeql/tutorial:
    version: 1.0.38
  codeql/typeflow:
    version: 1.0.38
  codeql/typetracking:
    version: 2.0.22
  codeql/util:
    version: 2.0.25
  codeql/xml:
    version: 1.0.38
compiled: false
